version = 1
revision = 3
requires-python = ">=3.12"

[[package]]
name = "clawsay"
version = "0.1.0"
source = { virtual = "." }
dependencies = [
    { name = "termcolor3" },
]

[package.metadata]
requires-dist = [{ name = "termcolor3", specifier = ">=3.3.0" }]

[[package]]
name = "termcolor3"
version = "3.4.1"
source = { registry = "https://pypi.org/simple" }
sdist = { url = "https://files.pythonhosted.org/packages/52/c4/452583f0b1c9273a73a2484dc91b48dd267c1cfe9413dbf5f6312ce23b15/termcolor3-3.4.1.tar.gz", hash = "sha256:48d7ce98ccf6ecd73baf10bf26df9ddc603c02c76ba87e3fbf886912723e4833", size = 683, upload-time = "2026-02-19T15:06:01.094Z" }
wheels = [
    { url = "https://files.pythonhosted.org/packages/42/f3/734d2ac7f23523c87e9004472e1652a3df23ba5883ee8f31643c219272a9/termcolor3-3.4.1-py3-none-any.whl", hash = "sha256:f3fa818a2a8c48dbc79250ead987f0e659227e7462a6145321399be463a60de3", size = 1074, upload-time = "2026-02-19T15:06:02.072Z" },
]
